
Microsoft Visual Studio Solution File, Format Version 9.00
# Visual Studio 2005
Project("{8BC9CEB8-8B4A-11D0-8D11-00A0C91BC942}") = "lab2", "lab2\lab2.vcproj", "{A31E04B9-3F9C-4C99-B51F-EEEC54DBC479}"
EndProject
Global
	GlobalSection(SolutionConfigurationPlatforms) = preSolution
		Debug|Win32 = Debug|Win32
		Release|Win32 = Release|Win32
	EndGlobalSection
	GlobalSection(ProjectConfigurationPlatforms) = postSolution
		{A31E04B9-3F9C-4C99-B51F-EEEC54DBC479}.Debug|Win32.ActiveCfg = Debug|Win32
		{A31E04B9-3F9C-4C99-B51F-EEEC54DBC479}.Debug|Win32.Build.0 = Debug|Win32
		{A31E04B9-3F9C-4C99-B51F-EEEC54DBC479}.Release|Win32.ActiveCfg = Release|Win32
		{A31E04B9-3F9C-4C99-B51F-EEEC54DBC479}.Release|Win32.Build.0 = Release|Win32
	EndGlobalSection
	GlobalSection(SolutionProperties) = preSolution
		HideSolutionNode = FALSE
	EndGlobalSection
EndGlobal
